
Microsoft Visual Studio Solution File, Format Version 12.00
# Visual Studio Version 16
VisualStudioVersion = 16.0.31402.337
MinimumVisualStudioVersion = 10.0.40219.1
Project("{8BC9CEB8-8B4A-11D0-8D11-00A0C91BC942}") = "Pro0616", "Pro0616.vcxproj", "{B7735E8D-1158-4D92-8124-82CBBBA81764}"
EndProject
Global
	GlobalSection(SolutionConfigurationPlatforms) = preSolution
		Debug|x64 = Debug|x64
		Debug|x86 = Debug|x86
		Release|x64 = Release|x64
		Release|x86 = Release|x86
	EndGlobalSection
	GlobalSection(ProjectConfigurationPlatforms) = postSolution
		{B7735E8D-1158-4D92-8124-82CBBBA81764}.Debug|x64.ActiveCfg = Debug|x64
		{B7735E8D-1158-4D92-8124-82CBBBA81764}.Debug|x64.Build.0 = Debug|x64
		{B7735E8D-1158-4D92-8124-82CBBBA81764}.Debug|x86.ActiveCfg = Debug|Win32
		{B7735E8D-1158-4D92-8124-82CBBBA81764}.Debug|x86.Build.0 = Debug|Win32
		{B7735E8D-1158-4D92-8124-82CBBBA81764}.Release|x64.ActiveCfg = Release|x64
		{B7735E8D-1158-4D92-8124-82CBBBA81764}.Release|x64.Build.0 = Release|x64
		{B7735E8D-1158-4D92-8124-82CBBBA81764}.Release|x86.ActiveCfg = Release|Win32
		{B7735E8D-1158-4D92-8124-82CBBBA81764}.Release|x86.Build.0 = Release|Win32
	EndGlobalSection
	GlobalSection(SolutionProperties) = preSolution
		HideSolutionNode = FALSE
	EndGlobalSection
	GlobalSection(ExtensibilityGlobals) = postSolution
		SolutionGuid = {229E1A2C-D2EE-4AF7-8EAA-B794927021B8}
	EndGlobalSection
EndGlobal
